on:
  workflow_dispatch:
  schedule:
    - cron: '0 10 * * *'

permissions:
  contents: write
  pull-requests: write

jobs:
  lockfile:
    runs-on: ubuntu-latest
    steps:
      - uses: actions/checkout@v4
      - uses: DeterminateSystems/nix-installer-action@main
      - uses: DeterminateSystems/update-flake-lock@main
        id: update
      - run: "gh pr merge --auto --merge ${{ steps.update.outputs.pull-request-number }}"
        env:
          GH_TOKEN: ${{ github.token }}
